# THIS IS AN AUTOGENERATED FILE. DO NOT EDIT THIS FILE DIRECTLY.
# yarn lockfile v1


"@next/env@13.4.7":
  version "13.4.7"
  resolved "https://registry.npmjs.org/@next/env/-/env-13.4.7.tgz"
  integrity sha512-ZlbiFulnwiFsW9UV1ku1OvX/oyIPLtMk9p/nnvDSwI0s7vSoZdRtxXNsaO+ZXrLv/pMbXVGq4lL8TbY9iuGmVw==

"@next/swc-darwin-arm64@13.4.7":
  version "13.4.7"
  resolved "https://registry.yarnpkg.com/@next/swc-darwin-arm64/-/swc-darwin-arm64-13.4.7.tgz#5e36c26dda5b0bc0ea15d8555d0abd71a1ef4b5d"
  integrity sha512-VZTxPv1b59KGiv/pZHTO5Gbsdeoxcj2rU2cqJu03btMhHpn3vwzEK0gUSVC/XW96aeGO67X+cMahhwHzef24/w==

"@next/swc-darwin-x64@13.4.7":
  version "13.4.7"
  resolved "https://registry.yarnpkg.com/@next/swc-darwin-x64/-/swc-darwin-x64-13.4.7.tgz#4c14ec14b200373cd602589086cb1253a28cd803"
  integrity sha512-gO2bw+2Ymmga+QYujjvDz9955xvYGrWofmxTq7m70b9pDPvl7aDFABJOZ2a8SRCuSNB5mXU8eTOmVVwyp/nAew==

"@next/swc-linux-arm64-gnu@13.4.7":
  version "13.4.7"
  resolved "https://registry.yarnpkg.com/@next/swc-linux-arm64-gnu/-/swc-linux-arm64-gnu-13.4.7.tgz#e7819167ec876ddac5a959e4c7bce4d001f0e924"
  integrity sha512-6cqp3vf1eHxjIDhEOc7Mh/s8z1cwc/l5B6ZNkOofmZVyu1zsbEM5Hmx64s12Rd9AYgGoiCz4OJ4M/oRnkE16/Q==

"@next/swc-linux-arm64-musl@13.4.7":
  version "13.4.7"
  resolved "https://registry.yarnpkg.com/@next/swc-linux-arm64-musl/-/swc-linux-arm64-musl-13.4.7.tgz#0cac0f01d4e308b439e6c33182bed77835fe383b"
  integrity sha512-T1kD2FWOEy5WPidOn1si0rYmWORNch4a/NR52Ghyp4q7KyxOCuiOfZzyhVC5tsLIBDH3+cNdB5DkD9afpNDaOw==

"@next/swc-linux-x64-gnu@13.4.7":
  version "13.4.7"
  resolved "https://registry.npmjs.org/@next/swc-linux-x64-gnu/-/swc-linux-x64-gnu-13.4.7.tgz"
  integrity sha512-zaEC+iEiAHNdhl6fuwl0H0shnTzQoAoJiDYBUze8QTntE/GNPfTYpYboxF5LRYIjBwETUatvE0T64W6SKDipvg==

"@next/swc-linux-x64-musl@13.4.7":
  version "13.4.7"
  resolved "https://registry.npmjs.org/@next/swc-linux-x64-musl/-/swc-linux-x64-musl-13.4.7.tgz"
  integrity sha512-X6r12F8d8SKAtYJqLZBBMIwEqcTRvUdVm+xIq+l6pJqlgT2tNsLLf2i5Cl88xSsIytBICGsCNNHd+siD2fbWBA==

"@next/swc-win32-arm64-msvc@13.4.7":
  version "13.4.7"
  resolved "https://registry.yarnpkg.com/@next/swc-win32-arm64-msvc/-/swc-win32-arm64-msvc-13.4.7.tgz#274b7f00a2ec5934af73db15da8459e8647bfaed"
  integrity sha512-NPnmnV+vEIxnu6SUvjnuaWRglZzw4ox5n/MQTxeUhb5iwVWFedolPFebMNwgrWu4AELwvTdGtWjqof53AiWHcw==

"@next/swc-win32-ia32-msvc@13.4.7":
  version "13.4.7"
  resolved "https://registry.yarnpkg.com/@next/swc-win32-ia32-msvc/-/swc-win32-ia32-msvc-13.4.7.tgz#4a95c106a6db2eee3a4c1352b77995e298d7446a"
  integrity sha512-6Hxijm6/a8XqLQpOOf/XuwWRhcuc/g4rBB2oxjgCMuV9Xlr2bLs5+lXyh8w9YbAUMYR3iC9mgOlXbHa79elmXw==

"@next/swc-win32-x64-msvc@13.4.7":
  version "13.4.7"
  resolved "https://registry.yarnpkg.com/@next/swc-win32-x64-msvc/-/swc-win32-x64-msvc-13.4.7.tgz#5137780f58d7f0230adc293a0429821bfa7d8c21"
  integrity sha512-sW9Yt36Db1nXJL+mTr2Wo0y+VkPWeYhygvcHj1FF0srVtV+VoDjxleKtny21QHaG05zdeZnw2fCtf2+dEqgwqA==

"@stitches/react@^1.2.8":
  version "1.2.8"
  resolved "https://registry.npmjs.org/@stitches/react/-/react-1.2.8.tgz"
  integrity sha512-9g9dWI4gsSVe8bNLlb+lMkBYsnIKCZTmvqvDG+Avnn69XfmHZKiaMrx7cgTaddq7aTPPmXiTsbFcUy0xgI4+wA==

"@swc/helpers@0.5.1":
  version "0.5.1"
  resolved "https://registry.npmjs.org/@swc/helpers/-/helpers-0.5.1.tgz"
  integrity sha512-sJ902EfIzn1Fa+qYmjdQqh8tPsoxyBz+8yBKC2HKUxyezKJFwPGOn7pv4WY6QuQW//ySQi5lJjA/ZT9sNWWNTg==
  dependencies:
    tslib "^2.4.0"

"@types/node@20.3.1":
  version "20.3.1"
  resolved "https://registry.npmjs.org/@types/node/-/node-20.3.1.tgz"
  integrity sha512-EhcH/wvidPy1WeML3TtYFGR83UzjxeWRen9V402T8aUGYsCHOmfoisV3ZSg03gAFIbLq8TnWOJ0f4cALtnSEUg==

"@types/node@>=8.1.0":
  version "20.5.0"
  resolved "https://registry.yarnpkg.com/@types/node/-/node-20.5.0.tgz#7fc8636d5f1aaa3b21e6245e97d56b7f56702313"
  integrity sha512-Mgq7eCtoTjT89FqNoTzzXg2XvCi5VMhRV6+I2aYanc6kQCBImeNaAYRs/DyoVqk1YEUJK5gN9VO7HRIdz4Wo3Q==

"@types/prop-types@*":
  version "15.7.5"
  resolved "https://registry.npmjs.org/@types/prop-types/-/prop-types-15.7.5.tgz"
  integrity sha512-JCB8C6SnDoQf0cNycqd/35A7MjcnK+ZTqE7judS6o7utxUCg6imJg3QK2qzHKszlTjcj2cn+NwMB2i96ubpj7w==

"@types/react-dom@18.2.6":
  version "18.2.6"
  resolved "https://registry.npmjs.org/@types/react-dom/-/react-dom-18.2.6.tgz"
  integrity sha512-2et4PDvg6PVCyS7fuTc4gPoksV58bW0RwSxWKcPRcHZf0PRUGq03TKcD/rUHe3azfV6/5/biUBJw+HhCQjaP0A==
  dependencies:
    "@types/react" "*"

"@types/react@*", "@types/react@18.2.13":
  version "18.2.13"
  resolved "https://registry.npmjs.org/@types/react/-/react-18.2.13.tgz"
  integrity sha512-vJ+zElvi/Zn9cVXB5slX2xL8PZodPCwPRDpittQdw43JR2AJ5k3vKdgJJyneV/cYgIbLQUwXa9JVDvUZXGba+Q==
  dependencies:
    "@types/prop-types" "*"
    "@types/scheduler" "*"
    csstype "^3.0.2"

"@types/scheduler@*":
  version "0.16.3"
  resolved "https://registry.npmjs.org/@types/scheduler/-/scheduler-0.16.3.tgz"
  integrity sha512-5cJ8CB4yAx7BH1oMvdU0Jh9lrEXyPkar6F9G/ERswkCuvP4KQZfZkSjcMbAICCpQTN4OuZn8tz0HiKv9TGZgrQ==

busboy@1.6.0:
  version "1.6.0"
  resolved "https://registry.npmjs.org/busboy/-/busboy-1.6.0.tgz"
  integrity sha512-8SFQbg/0hQ9xy3UNTB0YEnsNBbWfhf7RtnzpL7TkBiTBRfrQ9Fxcnz7VJsleJpyp6rVLvXiuORqjlHi5q+PYuA==
  dependencies:
    streamsearch "^1.1.0"

call-bind@^1.0.0:
  version "1.0.2"
  resolved "https://registry.yarnpkg.com/call-bind/-/call-bind-1.0.2.tgz#b1d4e89e688119c3c9a903ad30abb2f6a919be3c"
  integrity sha512-7O+FbCihrB5WGbFYesctwmTKae6rOiIzmz1icreWJ+0aA7LJfuqhEso2T9ncpcFtzMQtzXf2QGGueWJGTYsqrA==
  dependencies:
    function-bind "^1.1.1"
    get-intrinsic "^1.0.2"

caniuse-lite@^1.0.30001406:
  version "1.0.30001506"
  resolved "https://registry.npmjs.org/caniuse-lite/-/caniuse-lite-1.0.30001506.tgz"
  integrity sha512-6XNEcpygZMCKaufIcgpQNZNf00GEqc7VQON+9Rd0K1bMYo8xhMZRAo5zpbnbMNizi4YNgIDAFrdykWsvY3H4Hw==

client-only@0.0.1:
  version "0.0.1"
  resolved "https://registry.npmjs.org/client-only/-/client-only-0.0.1.tgz"
  integrity sha512-IV3Ou0jSMzZrd3pZ48nLkT9DA7Ag1pnPzaiQhpW7c3RbcqqzvzzVu+L8gfqMp/8IM2MQtSiqaCxrrcfu8I8rMA==

csstype@^3.0.2:
  version "3.1.2"
  resolved "https://registry.npmjs.org/csstype/-/csstype-3.1.2.tgz"
  integrity sha512-I7K1Uu0MBPzaFKg4nI5Q7Vs2t+3gWWW648spaF+Rg7pI9ds18Ugn+lvg4SHczUdKlHI5LWBXyqfS8+DufyBsgQ==

function-bind@^1.1.1:
  version "1.1.1"
  resolved "https://registry.yarnpkg.com/function-bind/-/function-bind-1.1.1.tgz#a56899d3ea3c9bab874bb9773b7c5ede92f4895d"
  integrity sha512-yIovAzMX49sF8Yl58fSCWJ5svSLuaibPxXQJFLmBObTuCr0Mf1KiPopGM9NiFjiYBCbfaa2Fh6breQ6ANVTI0A==

get-intrinsic@^1.0.2:
  version "1.2.1"
  resolved "https://registry.yarnpkg.com/get-intrinsic/-/get-intrinsic-1.2.1.tgz#d295644fed4505fc9cde952c37ee12b477a83d82"
  integrity sha512-2DcsyfABl+gVHEfCOaTrWgyt+tb6MSEGmKq+kI5HwLbIYgjgmMcV8KQ41uaKz1xxUcn9tJtgFbQUEVcEbd0FYw==
  dependencies:
    function-bind "^1.1.1"
    has "^1.0.3"
    has-proto "^1.0.1"
    has-symbols "^1.0.3"

glob-to-regexp@^0.4.1:
  version "0.4.1"
  resolved "https://registry.npmjs.org/glob-to-regexp/-/glob-to-regexp-0.4.1.tgz"
  integrity sha512-lkX1HJXwyMcprw/5YUZc2s7DrpAiHB21/V+E1rHUrVNokkvB6bqMzT0VfV6/86ZNabt1k14YOIaT7nDvOX3Iiw==

graceful-fs@^4.1.2:
  version "4.2.11"
  resolved "https://registry.npmjs.org/graceful-fs/-/graceful-fs-4.2.11.tgz"
  integrity sha512-RbJ5/jmFcNNCcDV5o9eTnBLJ/HszWV0P73bc+Ff4nS/rJj+YaS6IGyiOL0VoBYX+l1Wrl3k63h/KrH+nhJ0XvQ==

has-proto@^1.0.1:
  version "1.0.1"
  resolved "https://registry.yarnpkg.com/has-proto/-/has-proto-1.0.1.tgz#1885c1305538958aff469fef37937c22795408e0"
  integrity sha512-7qE+iP+O+bgF9clE5+UoBFzE65mlBiVj3tKCrlNQ0Ogwm0BjpT/gK4SlLYDMybDh5I3TCTKnPPa0oMG7JDYrhg==

has-symbols@^1.0.3:
  version "1.0.3"
  resolved "https://registry.yarnpkg.com/has-symbols/-/has-symbols-1.0.3.tgz#bb7b2c4349251dce87b125f7bdf874aa7c8b39f8"
  integrity sha512-l3LCuF6MgDNwTDKkdYGEihYjt5pRPbEg46rtlmnSPlUbgmB8LOIrKJbYYFBSbnPaJexMKtiPO8hmeRjRz2Td+A==

has@^1.0.3:
  version "1.0.3"
  resolved "https://registry.yarnpkg.com/has/-/has-1.0.3.tgz#722d7cbfc1f6aa8241f16dd814e011e1f41e8796"
  integrity sha512-f2dvO0VU6Oej7RkWJGrehjbzMAjFp5/VKPp5tTpWIV4JHHZK1/BxbFRtf/siA2SWTe09caDmVtYYzWEIbBS4zw==
  dependencies:
    function-bind "^1.1.1"

"js-tokens@^3.0.0 || ^4.0.0":
  version "4.0.0"
  resolved "https://registry.npmjs.org/js-tokens/-/js-tokens-4.0.0.tgz"
  integrity sha512-RdJUflcE3cUzKiMqQgsCu06FPu9UdIJO0beYbPhHN4k6apgJtifcoCtT9bcxOpYBtpD2kCM6Sbzg4CausW/PKQ==

keen-slider@^6.8.6:
  version "6.8.6"
  resolved "https://registry.npmjs.org/keen-slider/-/keen-slider-6.8.6.tgz"
  integrity sha512-dcEQ7GDBpCjUQA8XZeWh3oBBLLmyn8aoeIQFGL/NTVkoEOsmlnXqA4QykUm/SncolAZYGsEk/PfUhLZ7mwMM2w==

loose-envify@^1.1.0:
  version "1.4.0"
  resolved "https://registry.npmjs.org/loose-envify/-/loose-envify-1.4.0.tgz"
  integrity sha512-lyuxPGr/Wfhrlem2CL/UcnUc1zcqKAImBDzukY7Y5F/yQiNdko6+fRLevlw1HgMySw7f611UIY408EtxRSoK3Q==
  dependencies:
    js-tokens "^3.0.0 || ^4.0.0"

nanoid@^3.3.4:
  version "3.3.6"
  resolved "https://registry.npmjs.org/nanoid/-/nanoid-3.3.6.tgz"
  integrity sha512-BGcqMMJuToF7i1rt+2PWSNVnWIkGCU78jBG3RxO/bZlnZPK2Cmi2QaffxGO/2RvWi9sL+FAiRiXMgsyxQ1DIDA==

next@13.4.7:
  version "13.4.7"
  resolved "https://registry.npmjs.org/next/-/next-13.4.7.tgz"
  integrity sha512-M8z3k9VmG51SRT6v5uDKdJXcAqLzP3C+vaKfLIAM0Mhx1um1G7MDnO63+m52qPdZfrTFzMZNzfsgvm3ghuVHIQ==
  dependencies:
    "@next/env" "13.4.7"
    "@swc/helpers" "0.5.1"
    busboy "1.6.0"
    caniuse-lite "^1.0.30001406"
    postcss "8.4.14"
    styled-jsx "5.1.1"
    watchpack "2.4.0"
    zod "3.21.4"
  optionalDependencies:
    "@next/swc-darwin-arm64" "13.4.7"
    "@next/swc-darwin-x64" "13.4.7"
    "@next/swc-linux-arm64-gnu" "13.4.7"
    "@next/swc-linux-arm64-musl" "13.4.7"
    "@next/swc-linux-x64-gnu" "13.4.7"
    "@next/swc-linux-x64-musl" "13.4.7"
    "@next/swc-win32-arm64-msvc" "13.4.7"
    "@next/swc-win32-ia32-msvc" "13.4.7"
    "@next/swc-win32-x64-msvc" "13.4.7"

object-inspect@^1.9.0:
  version "1.12.3"
  resolved "https://registry.yarnpkg.com/object-inspect/-/object-inspect-1.12.3.tgz#ba62dffd67ee256c8c086dfae69e016cd1f198b9"
  integrity sha512-geUvdk7c+eizMNUDkRpW1wJwgfOiOeHbxBR/hLXK1aT6zmVSO0jsQcs7fj6MGw89jC/cjGfLcNOrtMYtGqm81g==

picocolors@^1.0.0:
  version "1.0.0"
  resolved "https://registry.npmjs.org/picocolors/-/picocolors-1.0.0.tgz"
  integrity sha512-1fygroTLlHu66zi26VoTDv8yRgm0Fccecssto+MhsZ0D/DGW2sm8E8AjW7NU5VVTRt5GxbeZ5qBuJr+HyLYkjQ==

postcss@8.4.14:
  version "8.4.14"
  resolved "https://registry.npmjs.org/postcss/-/postcss-8.4.14.tgz"
  integrity sha512-E398TUmfAYFPBSdzgeieK2Y1+1cpdxJx8yXbK/m57nRhKSmk1GB2tO4lbLBtlkfPQTDKfe4Xqv1ASWPpayPEig==
  dependencies:
    nanoid "^3.3.4"
    picocolors "^1.0.0"
    source-map-js "^1.0.2"

qs@^6.11.0:
  version "6.11.2"
  resolved "https://registry.yarnpkg.com/qs/-/qs-6.11.2.tgz#64bea51f12c1f5da1bc01496f48ffcff7c69d7d9"
  integrity sha512-tDNIz22aBzCDxLtVH++VnTfzxlfeK5CbqohpSqpJgj1Wg/cQbStNAz3NuqCs5vV+pjBsK4x4pN9HlVh7rcYRiA==
  dependencies:
    side-channel "^1.0.4"

react-dom@18.2.0:
  version "18.2.0"
  resolved "https://registry.npmjs.org/react-dom/-/react-dom-18.2.0.tgz"
  integrity sha512-6IMTriUmvsjHUjNtEDudZfuDQUoWXVxKHhlEGSk81n4YFS+r/Kl99wXiwlVXtPBtJenozv2P+hxDsw9eA7Xo6g==
  dependencies:
    loose-envify "^1.1.0"
    scheduler "^0.23.0"

react@18.2.0:
  version "18.2.0"
  resolved "https://registry.npmjs.org/react/-/react-18.2.0.tgz"
  integrity sha512-/3IjMdb2L9QbBdWiW5e3P2/npwMBaU9mHCSCUzNln0ZCYbcfTsGbTJrU/kGemdH2IWmB2ioZ+zkxtmq6g09fGQ==
  dependencies:
    loose-envify "^1.1.0"

scheduler@^0.23.0:
  version "0.23.0"
  resolved "https://registry.npmjs.org/scheduler/-/scheduler-0.23.0.tgz"
  integrity sha512-CtuThmgHNg7zIZWAXi3AsyIzA3n4xx7aNyjwC2VJldO2LMVDhFK+63xGqq6CsJH4rTAt6/M+N4GhZiDYPx9eUw==
  dependencies:
    loose-envify "^1.1.0"

side-channel@^1.0.4:
  version "1.0.4"
  resolved "https://registry.yarnpkg.com/side-channel/-/side-channel-1.0.4.tgz#efce5c8fdc104ee751b25c58d4290011fa5ea2cf"
  integrity sha512-q5XPytqFEIKHkGdiMIrY10mvLRvnQh42/+GoBlFW3b2LXLE2xxJpZFdm94we0BaoV3RwJyGqg5wS7epxTv0Zvw==
  dependencies:
    call-bind "^1.0.0"
    get-intrinsic "^1.0.2"
    object-inspect "^1.9.0"

source-map-js@^1.0.2:
  version "1.0.2"
  resolved "https://registry.npmjs.org/source-map-js/-/source-map-js-1.0.2.tgz"
  integrity sha512-R0XvVJ9WusLiqTCEiGCmICCMplcCkIwwR11mOSD9CR5u+IXYdiseeEuXCVAjS54zqwkLcPNnmU4OeJ6tUrWhDw==

streamsearch@^1.1.0:
  version "1.1.0"
  resolved "https://registry.npmjs.org/streamsearch/-/streamsearch-1.1.0.tgz"
  integrity sha512-Mcc5wHehp9aXz1ax6bZUyY5afg9u2rv5cqQI3mRrYkGC8rW2hM02jWuwjtL++LS5qinSyhj2QfLyNsuc+VsExg==

stripe@^12.18.0:
  version "12.18.0"
  resolved "https://registry.yarnpkg.com/stripe/-/stripe-12.18.0.tgz#1190aec3cf075d0611287046386bf0c0d165db69"
  integrity sha512-cYjgBM2SY/dTm8Lr6eMyyONaHTZHA/QjHxFUIW5WH8FevSRIGAVtXEmBkUXF1fsqe7QvvRgQSGSJZmjDacegGg==
  dependencies:
    "@types/node" ">=8.1.0"
    qs "^6.11.0"

styled-jsx@5.1.1:
  version "5.1.1"
  resolved "https://registry.npmjs.org/styled-jsx/-/styled-jsx-5.1.1.tgz"
  integrity sha512-pW7uC1l4mBZ8ugbiZrcIsiIvVx1UmTfw7UkC3Um2tmfUq9Bhk8IiyEIPl6F8agHgjzku6j0xQEZbfA5uSgSaCw==
  dependencies:
    client-only "0.0.1"

tslib@^2.4.0:
  version "2.5.3"
  resolved "https://registry.npmjs.org/tslib/-/tslib-2.5.3.tgz"
  integrity sha512-mSxlJJwl3BMEQCUNnxXBU9jP4JBktcEGhURcPR6VQVlnP0FdDEsIaz0C35dXNGLyRfrATNofF0F5p2KPxQgB+w==

typescript@5.1.3:
  version "5.1.3"
  resolved "https://registry.npmjs.org/typescript/-/typescript-5.1.3.tgz"
  integrity sha512-XH627E9vkeqhlZFQuL+UsyAXEnibT0kWR2FWONlr4sTjvxyJYnyefgrkyECLzM5NenmKzRAy2rR/OlYLA1HkZw==

watchpack@2.4.0:
  version "2.4.0"
  resolved "https://registry.npmjs.org/watchpack/-/watchpack-2.4.0.tgz"
  integrity sha512-Lcvm7MGST/4fup+ifyKi2hjyIAwcdI4HRgtvTpIUxBRhB+RFtUh8XtDOxUfctVCnhVi+QQj49i91OyvzkJl6cg==
  dependencies:
    glob-to-regexp "^0.4.1"
    graceful-fs "^4.1.2"

zod@3.21.4:
  version "3.21.4"
  resolved "https://registry.npmjs.org/zod/-/zod-3.21.4.tgz"
  integrity sha512-m46AKbrzKVzOzs/DZgVnG5H55N1sv1M8qZU3A8RIKbs3mrACDNeIOeilDymVb2HdmP8uwshOCF4uJ8uM9rCqJw==
